{
    "version": 3,
    "terraform_version": "0.11.2",
    "serial": 5,
    "lineage": "fe72e848-b00d-4f6f-8a2a-d8f88b1a440d",
    "modules": [
        {
            "path": [
                "root"
            ],
            "outputs": {},
            "resources": {
                "aws_iam_role.demo_step_function": {
                    "type": "aws_iam_role",
                    "depends_on": [],
                    "primary": {
                        "id": "compression_step_function_role",
                        "attributes": {
                            "arn": "arn:aws:iam::640218274645:role/compression_step_function_role",
                            "assume_role_policy": "{\"Version\":\"2012-10-17\",\"Statement\":[{\"Effect\":\"Allow\",\"Principal\":{\"Service\":\"states.eu-west-1.amazonaws.com\"},\"Action\":\"sts:AssumeRole\"}]}",
                            "create_date": "2018-01-28T15:27:47Z",
                            "force_detach_policies": "false",
                            "id": "compression_step_function_role",
                            "name": "compression_step_function_role",
                            "path": "/",
                            "unique_id": "AROAI5Y6FVC7Z7RJ5RFMK"
                        },
                        "meta": {},
                        "tainted": false
                    },
                    "deposed": [],
                    "provider": "provider.aws"
                },
                "aws_iam_role.lambda_role": {
                    "type": "aws_iam_role",
                    "depends_on": [],
                    "primary": {
                        "id": "compression_lambda_role",
                        "attributes": {
                            "arn": "arn:aws:iam::640218274645:role/compression_lambda_role",
                            "assume_role_policy": "{\"Version\":\"2012-10-17\",\"Statement\":[{\"Effect\":\"Allow\",\"Principal\":{\"Service\":\"lambda.amazonaws.com\"},\"Action\":\"sts:AssumeRole\"}]}",
                            "create_date": "2018-01-28T15:27:47Z",
                            "force_detach_policies": "false",
                            "id": "compression_lambda_role",
                            "name": "compression_lambda_role",
                            "path": "/",
                            "unique_id": "AROAJP6QIBBGXC4OQFUOG"
                        },
                        "meta": {},
                        "tainted": false
                    },
                    "deposed": [],
                    "provider": "provider.aws"
                },
                "aws_iam_role_policy.demo_step_function": {
                    "type": "aws_iam_role_policy",
                    "depends_on": [
                        "aws_iam_role.demo_step_function",
                        "data.aws_iam_policy_document.allow_invoke_lambda"
                    ],
                    "primary": {
                        "id": "compression_step_function_role:compression_step_function_policy",
                        "attributes": {
                            "id": "compression_step_function_role:compression_step_function_policy",
                            "name": "compression_step_function_policy",
                            "policy": "{\n  \"Version\": \"2012-10-17\",\n  \"Statement\": [\n    {\n      \"Sid\": \"\",\n      \"Effect\": \"Allow\",\n      \"Action\": \"lambda:InvokeFunction\",\n      \"Resource\": [\n        \"arn:aws:lambda:eu-west-1:640218274645:function:compression_under_age\",\n        \"arn:aws:lambda:eu-west-1:640218274645:function:compression_not_cool\",\n        \"arn:aws:lambda:eu-west-1:640218274645:function:compression_has_ginger_friends\",\n        \"arn:aws:lambda:eu-west-1:640218274645:function:compression_cool\",\n        \"arn:aws:lambda:eu-west-1:640218274645:function:compression_check_hair_colour\",\n        \"arn:aws:lambda:eu-west-1:640218274645:function:compression_age_check\"\n      ]\n    }\n  ]\n}",
                            "role": "compression_step_function_role"
                        },
                        "meta": {},
                        "tainted": false
                    },
                    "deposed": [],
                    "provider": "provider.aws"
                },
                "aws_iam_role_policy.lambda_policy": {
                    "type": "aws_iam_role_policy",
                    "depends_on": [
                        "aws_iam_role.lambda_role"
                    ],
                    "primary": {
                        "id": "compression_lambda_role:compression_lambda_policy",
                        "attributes": {
                            "id": "compression_lambda_role:compression_lambda_policy",
                            "name": "compression_lambda_policy",
                            "policy": "{\n  \"Version\": \"2012-10-17\",\n  \"Statement\": [\n    {\n      \"Action\": [\n        \"ec2:Describe*\",\n        \"ec2:CreateNetworkInterface\",\n        \"ec2:DescribeNetworkInterfaces\",\n        \"ec2:DeleteNetworkInterface\",\n        \"logs:CreateLogGroup\",\n        \"logs:CreateLogStream\",\n        \"logs:PutLogEvents\",\n        \"states:StartExecution\",\n        \"states:DescribeExecution\"\n      ],\n      \"Effect\": \"Allow\",\n      \"Resource\": \"*\"\n    }\n  ]\n}\n",
                            "role": "compression_lambda_role"
                        },
                        "meta": {},
                        "tainted": false
                    },
                    "deposed": [],
                    "provider": "provider.aws"
                },
                "aws_lambda_function.age_check": {
                    "type": "aws_lambda_function",
                    "depends_on": [
                        "aws_iam_role.lambda_role"
                    ],
                    "primary": {
                        "id": "compression_age_check",
                        "attributes": {
                            "arn": "arn:aws:lambda:eu-west-1:640218274645:function:compression_age_check",
                            "dead_letter_config.#": "0",
                            "description": "",
                            "environment.#": "0",
                            "filename": "../artifacts/compression_age_check.zip",
                            "function_name": "compression_age_check",
                            "handler": "compression_age_check",
                            "id": "compression_age_check",
                            "invoke_arn": "arn:aws:apigateway:eu-west-1:lambda:path/2015-03-31/functions/arn:aws:lambda:eu-west-1:640218274645:function:compression_age_check/invocations",
                            "kms_key_arn": "",
                            "last_modified": "2018-01-28T16:34:07.837+0000",
                            "memory_size": "128",
                            "publish": "false",
                            "qualified_arn": "arn:aws:lambda:eu-west-1:640218274645:function:compression_age_check:$LATEST",
                            "reserved_concurrent_executions": "0",
                            "role": "arn:aws:iam::640218274645:role/compression_lambda_role",
                            "runtime": "go1.x",
                            "source_code_hash": "OVr4NJqTsgfLP1CfqpAA6EoNhNp1qKhom0ksePXOdmU=",
                            "tags.%": "0",
                            "timeout": "3",
                            "tracing_config.#": "1",
                            "tracing_config.0.mode": "PassThrough",
                            "version": "$LATEST",
                            "vpc_config.#": "0"
                        },
                        "meta": {},
                        "tainted": false
                    },
                    "deposed": [],
                    "provider": "provider.aws"
                },
                "aws_lambda_function.check_hair_colour": {
                    "type": "aws_lambda_function",
                    "depends_on": [
                        "aws_iam_role.lambda_role"
                    ],
                    "primary": {
                        "id": "compression_check_hair_colour",
                        "attributes": {
                            "arn": "arn:aws:lambda:eu-west-1:640218274645:function:compression_check_hair_colour",
                            "dead_letter_config.#": "0",
                            "description": "",
                            "environment.#": "0",
                            "filename": "../artifacts/compression_check_hair_colour.zip",
                            "function_name": "compression_check_hair_colour",
                            "handler": "compression_check_hair_colour",
                            "id": "compression_check_hair_colour",
                            "invoke_arn": "arn:aws:apigateway:eu-west-1:lambda:path/2015-03-31/functions/arn:aws:lambda:eu-west-1:640218274645:function:compression_check_hair_colour/invocations",
                            "kms_key_arn": "",
                            "last_modified": "2018-01-28T16:34:02.608+0000",
                            "memory_size": "128",
                            "publish": "false",
                            "qualified_arn": "arn:aws:lambda:eu-west-1:640218274645:function:compression_check_hair_colour:$LATEST",
                            "reserved_concurrent_executions": "0",
                            "role": "arn:aws:iam::640218274645:role/compression_lambda_role",
                            "runtime": "go1.x",
                            "source_code_hash": "IfNRBtlXWqAs4mqill++IXiDuPJR+6lIlWFEOuUf23A=",
                            "tags.%": "0",
                            "timeout": "3",
                            "tracing_config.#": "1",
                            "tracing_config.0.mode": "PassThrough",
                            "version": "$LATEST",
                            "vpc_config.#": "0"
                        },
                        "meta": {},
                        "tainted": false
                    },
                    "deposed": [],
                    "provider": "provider.aws"
                },
                "aws_lambda_function.cool": {
                    "type": "aws_lambda_function",
                    "depends_on": [
                        "aws_iam_role.lambda_role"
                    ],
                    "primary": {
                        "id": "compression_cool",
                        "attributes": {
                            "arn": "arn:aws:lambda:eu-west-1:640218274645:function:compression_cool",
                            "dead_letter_config.#": "0",
                            "description": "",
                            "environment.#": "0",
                            "filename": "../artifacts/compression_cool.zip",
                            "function_name": "compression_cool",
                            "handler": "compression_cool",
                            "id": "compression_cool",
                            "invoke_arn": "arn:aws:apigateway:eu-west-1:lambda:path/2015-03-31/functions/arn:aws:lambda:eu-west-1:640218274645:function:compression_cool/invocations",
                            "kms_key_arn": "",
                            "last_modified": "2018-01-28T16:33:46.268+0000",
                            "memory_size": "128",
                            "publish": "false",
                            "qualified_arn": "arn:aws:lambda:eu-west-1:640218274645:function:compression_cool:$LATEST",
                            "reserved_concurrent_executions": "0",
                            "role": "arn:aws:iam::640218274645:role/compression_lambda_role",
                            "runtime": "go1.x",
                            "source_code_hash": "3TcQ6qiywZWufliZtBXzob/avGgTidC8teaxvGGpxIs=",
                            "tags.%": "0",
                            "timeout": "3",
                            "tracing_config.#": "1",
                            "tracing_config.0.mode": "PassThrough",
                            "version": "$LATEST",
                            "vpc_config.#": "0"
                        },
                        "meta": {},
                        "tainted": false
                    },
                    "deposed": [],
                    "provider": "provider.aws"
                },
                "aws_lambda_function.has_ginger_friends": {
                    "type": "aws_lambda_function",
                    "depends_on": [
                        "aws_iam_role.lambda_role"
                    ],
                    "primary": {
                        "id": "compression_has_ginger_friends",
                        "attributes": {
                            "arn": "arn:aws:lambda:eu-west-1:640218274645:function:compression_has_ginger_friends",
                            "dead_letter_config.#": "0",
                            "description": "",
                            "environment.#": "0",
                            "filename": "../artifacts/compression_has_ginger_friends.zip",
                            "function_name": "compression_has_ginger_friends",
                            "handler": "compression_has_ginger_friends",
                            "id": "compression_has_ginger_friends",
                            "invoke_arn": "arn:aws:apigateway:eu-west-1:lambda:path/2015-03-31/functions/arn:aws:lambda:eu-west-1:640218274645:function:compression_has_ginger_friends/invocations",
                            "kms_key_arn": "",
                            "last_modified": "2018-01-28T16:33:38.900+0000",
                            "memory_size": "128",
                            "publish": "false",
                            "qualified_arn": "arn:aws:lambda:eu-west-1:640218274645:function:compression_has_ginger_friends:$LATEST",
                            "reserved_concurrent_executions": "0",
                            "role": "arn:aws:iam::640218274645:role/compression_lambda_role",
                            "runtime": "go1.x",
                            "source_code_hash": "slIFypkRGrfo/DcbvWNzRlPKycXzJHX5klgpVoTUhL0=",
                            "tags.%": "0",
                            "timeout": "3",
                            "tracing_config.#": "1",
                            "tracing_config.0.mode": "PassThrough",
                            "version": "$LATEST",
                            "vpc_config.#": "0"
                        },
                        "meta": {},
                        "tainted": false
                    },
                    "deposed": [],
                    "provider": "provider.aws"
                },
                "aws_lambda_function.invoker": {
                    "type": "aws_lambda_function",
                    "depends_on": [
                        "aws_iam_role.lambda_role",
                        "aws_sfn_state_machine.demo_step_function"
                    ],
                    "primary": {
                        "id": "compression_invoker",
                        "attributes": {
                            "arn": "arn:aws:lambda:eu-west-1:640218274645:function:compression_invoker",
                            "dead_letter_config.#": "0",
                            "description": "",
                            "environment.#": "1",
                            "environment.0.variables.%": "1",
                            "environment.0.variables.STEP_FN_ARN": "arn:aws:states:eu-west-1:640218274645:stateMachine:compression_step_function",
                            "filename": "../artifacts/compression_invoker.zip",
                            "function_name": "compression_invoker",
                            "handler": "compression_invoker",
                            "id": "compression_invoker",
                            "invoke_arn": "arn:aws:apigateway:eu-west-1:lambda:path/2015-03-31/functions/arn:aws:lambda:eu-west-1:640218274645:function:compression_invoker/invocations",
                            "kms_key_arn": "",
                            "last_modified": "2018-01-28T16:34:14.287+0000",
                            "memory_size": "128",
                            "publish": "false",
                            "qualified_arn": "arn:aws:lambda:eu-west-1:640218274645:function:compression_invoker:$LATEST",
                            "reserved_concurrent_executions": "0",
                            "role": "arn:aws:iam::640218274645:role/compression_lambda_role",
                            "runtime": "go1.x",
                            "source_code_hash": "buxRDMQEGZUnt2zK7gDeSsO3dFKVTB8l1mucLxQpLnA=",
                            "tags.%": "0",
                            "timeout": "3",
                            "tracing_config.#": "1",
                            "tracing_config.0.mode": "PassThrough",
                            "version": "$LATEST",
                            "vpc_config.#": "0"
                        },
                        "meta": {},
                        "tainted": false
                    },
                    "deposed": [],
                    "provider": "provider.aws"
                },
                "aws_lambda_function.not_cool": {
                    "type": "aws_lambda_function",
                    "depends_on": [
                        "aws_iam_role.lambda_role"
                    ],
                    "primary": {
                        "id": "compression_not_cool",
                        "attributes": {
                            "arn": "arn:aws:lambda:eu-west-1:640218274645:function:compression_not_cool",
                            "dead_letter_config.#": "0",
                            "description": "",
                            "environment.#": "0",
                            "filename": "../artifacts/compression_not_cool.zip",
                            "function_name": "compression_not_cool",
                            "handler": "compression_not_cool",
                            "id": "compression_not_cool",
                            "invoke_arn": "arn:aws:apigateway:eu-west-1:lambda:path/2015-03-31/functions/arn:aws:lambda:eu-west-1:640218274645:function:compression_not_cool/invocations",
                            "kms_key_arn": "",
                            "last_modified": "2018-01-28T16:33:51.438+0000",
                            "memory_size": "128",
                            "publish": "false",
                            "qualified_arn": "arn:aws:lambda:eu-west-1:640218274645:function:compression_not_cool:$LATEST",
                            "reserved_concurrent_executions": "0",
                            "role": "arn:aws:iam::640218274645:role/compression_lambda_role",
                            "runtime": "go1.x",
                            "source_code_hash": "M7hMoUvlepqODIPA2Yp0YX8c84qfLjFwOuejMvNn5dQ=",
                            "tags.%": "0",
                            "timeout": "3",
                            "tracing_config.#": "1",
                            "tracing_config.0.mode": "PassThrough",
                            "version": "$LATEST",
                            "vpc_config.#": "0"
                        },
                        "meta": {},
                        "tainted": false
                    },
                    "deposed": [],
                    "provider": "provider.aws"
                },
                "aws_lambda_function.under_age": {
                    "type": "aws_lambda_function",
                    "depends_on": [
                        "aws_iam_role.lambda_role"
                    ],
                    "primary": {
                        "id": "compression_under_age",
                        "attributes": {
                            "arn": "arn:aws:lambda:eu-west-1:640218274645:function:compression_under_age",
                            "dead_letter_config.#": "0",
                            "description": "",
                            "environment.#": "0",
                            "filename": "../artifacts/compression_under_age.zip",
                            "function_name": "compression_under_age",
                            "handler": "compression_under_age",
                            "id": "compression_under_age",
                            "invoke_arn": "arn:aws:apigateway:eu-west-1:lambda:path/2015-03-31/functions/arn:aws:lambda:eu-west-1:640218274645:function:compression_under_age/invocations",
                            "kms_key_arn": "",
                            "last_modified": "2018-01-28T16:33:56.808+0000",
                            "memory_size": "128",
                            "publish": "false",
                            "qualified_arn": "arn:aws:lambda:eu-west-1:640218274645:function:compression_under_age:$LATEST",
                            "reserved_concurrent_executions": "0",
                            "role": "arn:aws:iam::640218274645:role/compression_lambda_role",
                            "runtime": "go1.x",
                            "source_code_hash": "h60uWjMjZMeV33jPxve5Loy04NOvlURqaQhPnQcCMUE=",
                            "tags.%": "0",
                            "timeout": "3",
                            "tracing_config.#": "1",
                            "tracing_config.0.mode": "PassThrough",
                            "version": "$LATEST",
                            "vpc_config.#": "0"
                        },
                        "meta": {},
                        "tainted": false
                    },
                    "deposed": [],
                    "provider": "provider.aws"
                },
                "aws_sfn_state_machine.demo_step_function": {
                    "type": "aws_sfn_state_machine",
                    "depends_on": [
                        "aws_iam_role.demo_step_function",
                        "data.template_file.demo_step_function_config"
                    ],
                    "primary": {
                        "id": "arn:aws:states:eu-west-1:640218274645:stateMachine:compression_step_function",
                        "attributes": {
                            "creation_date": "2018-01-28T15:28:30Z",
                            "definition": "{\n  \"Comment\" : \"Demo Step Function\",\n  \"StartAt\" : \"AgeCheck\",\n  \"States\" : {\n    \"AgeCheck\" : {\n      \"Type\" : \"Task\",\n      \"Resource\" : \"arn:aws:lambda:eu-west-1:640218274645:function:compression_age_check\",\n      \"Next\" : \"CheckHairColour\",\n      \"Catch\": [\n        {\n          \"ErrorEquals\": [\"ErrInvalidAge\"],\n          \"Next\": \"UnderAge\"\n        }\n      ]\n    },\n    \"CheckHairColour\" : {\n      \"Type\" : \"Task\",\n      \"Resource\" : \"arn:aws:lambda:eu-west-1:640218274645:function:compression_check_hair_colour\",\n      \"Next\" : \"HasGingerFriends\",\n      \"Catch\": [\n        {\n          \"ErrorEquals\": [\"ErrHairColour\"],\n          \"Next\": \"NotCool\"\n        }\n      ]\n    },\n    \"HasGingerFriends\" : {\n      \"Type\" : \"Task\",\n      \"Resource\" : \"arn:aws:lambda:eu-west-1:640218274645:function:compression_has_ginger_friends\",\n      \"Next\" : \"Cool\",\n      \"Catch\": [\n        {\n          \"ErrorEquals\": [\"ErrNoGingerFriends\"],\n          \"Next\": \"NotCool\"\n        }\n      ]\n    },\n    \"UnderAge\" : {\n      \"Type\" : \"Task\",\n      \"Resource\" : \"arn:aws:lambda:eu-west-1:640218274645:function:compression_under_age\",\n      \"End\" : true\n    },\n    \"Cool\" : {\n      \"Type\" : \"Task\",\n      \"Resource\" : \"arn:aws:lambda:eu-west-1:640218274645:function:compression_cool\",\n      \"Next\" : \"Success\"\n    },\n    \"NotCool\" : {\n      \"Type\" : \"Task\",\n      \"Resource\" : \"arn:aws:lambda:eu-west-1:640218274645:function:compression_not_cool\",\n      \"End\" : true\n    },\n    \"Success\": {\n      \"Type\": \"Succeed\"\n    }\n  }\n}\n\n",
                            "id": "arn:aws:states:eu-west-1:640218274645:stateMachine:compression_step_function",
                            "name": "compression_step_function",
                            "role_arn": "arn:aws:iam::640218274645:role/compression_step_function_role",
                            "status": "ACTIVE"
                        },
                        "meta": {},
                        "tainted": false
                    },
                    "deposed": [],
                    "provider": "provider.aws"
                },
                "data.aws_iam_policy_document.allow_invoke_lambda": {
                    "type": "aws_iam_policy_document",
                    "depends_on": [
                        "aws_lambda_function.age_check",
                        "aws_lambda_function.check_hair_colour",
                        "aws_lambda_function.cool",
                        "aws_lambda_function.has_ginger_friends",
                        "aws_lambda_function.not_cool",
                        "aws_lambda_function.under_age"
                    ],
                    "primary": {
                        "id": "933941294",
                        "attributes": {
                            "id": "933941294",
                            "json": "{\n  \"Version\": \"2012-10-17\",\n  \"Statement\": [\n    {\n      \"Sid\": \"\",\n      \"Effect\": \"Allow\",\n      \"Action\": \"lambda:InvokeFunction\",\n      \"Resource\": [\n        \"arn:aws:lambda:eu-west-1:640218274645:function:compression_under_age\",\n        \"arn:aws:lambda:eu-west-1:640218274645:function:compression_not_cool\",\n        \"arn:aws:lambda:eu-west-1:640218274645:function:compression_has_ginger_friends\",\n        \"arn:aws:lambda:eu-west-1:640218274645:function:compression_cool\",\n        \"arn:aws:lambda:eu-west-1:640218274645:function:compression_check_hair_colour\",\n        \"arn:aws:lambda:eu-west-1:640218274645:function:compression_age_check\"\n      ]\n    }\n  ]\n}",
                            "statement.#": "1",
                            "statement.0.actions.#": "1",
                            "statement.0.actions.3363766922": "lambda:InvokeFunction",
                            "statement.0.condition.#": "0",
                            "statement.0.effect": "Allow",
                            "statement.0.not_actions.#": "0",
                            "statement.0.not_principals.#": "0",
                            "statement.0.not_resources.#": "0",
                            "statement.0.principals.#": "0",
                            "statement.0.resources.#": "6",
                            "statement.0.resources.2434048437": "arn:aws:lambda:eu-west-1:640218274645:function:compression_age_check",
                            "statement.0.resources.3285054485": "arn:aws:lambda:eu-west-1:640218274645:function:compression_cool",
                            "statement.0.resources.3470909721": "arn:aws:lambda:eu-west-1:640218274645:function:compression_not_cool",
                            "statement.0.resources.3554461278": "arn:aws:lambda:eu-west-1:640218274645:function:compression_check_hair_colour",
                            "statement.0.resources.4211499830": "arn:aws:lambda:eu-west-1:640218274645:function:compression_has_ginger_friends",
                            "statement.0.resources.505965395": "arn:aws:lambda:eu-west-1:640218274645:function:compression_under_age",
                            "statement.0.sid": ""
                        },
                        "meta": {},
                        "tainted": false
                    },
                    "deposed": [],
                    "provider": "provider.aws"
                },
                "data.template_file.demo_step_function_config": {
                    "type": "template_file",
                    "depends_on": [
                        "aws_lambda_function.age_check",
                        "aws_lambda_function.check_hair_colour",
                        "aws_lambda_function.cool",
                        "aws_lambda_function.has_ginger_friends",
                        "aws_lambda_function.not_cool",
                        "aws_lambda_function.under_age"
                    ],
                    "primary": {
                        "id": "04a4b63e784906434f1e8e1113ba3a02b35510a8e08a08f0c60c179641822de4",
                        "attributes": {
                            "id": "04a4b63e784906434f1e8e1113ba3a02b35510a8e08a08f0c60c179641822de4",
                            "rendered": "{\n  \"Comment\" : \"Demo Step Function\",\n  \"StartAt\" : \"AgeCheck\",\n  \"States\" : {\n    \"AgeCheck\" : {\n      \"Type\" : \"Task\",\n      \"Resource\" : \"arn:aws:lambda:eu-west-1:640218274645:function:compression_age_check\",\n      \"Next\" : \"CheckHairColour\",\n      \"Catch\": [\n        {\n          \"ErrorEquals\": [\"ErrInvalidAge\"],\n          \"Next\": \"UnderAge\"\n        }\n      ]\n    },\n    \"CheckHairColour\" : {\n      \"Type\" : \"Task\",\n      \"Resource\" : \"arn:aws:lambda:eu-west-1:640218274645:function:compression_check_hair_colour\",\n      \"Next\" : \"HasGingerFriends\",\n      \"Catch\": [\n        {\n          \"ErrorEquals\": [\"ErrHairColour\"],\n          \"Next\": \"NotCool\"\n        }\n      ]\n    },\n    \"HasGingerFriends\" : {\n      \"Type\" : \"Task\",\n      \"Resource\" : \"arn:aws:lambda:eu-west-1:640218274645:function:compression_has_ginger_friends\",\n      \"Next\" : \"Cool\",\n      \"Catch\": [\n        {\n          \"ErrorEquals\": [\"ErrNoGingerFriends\"],\n          \"Next\": \"NotCool\"\n        }\n      ]\n    },\n    \"UnderAge\" : {\n      \"Type\" : \"Task\",\n      \"Resource\" : \"arn:aws:lambda:eu-west-1:640218274645:function:compression_under_age\",\n      \"End\" : true\n    },\n    \"Cool\" : {\n      \"Type\" : \"Task\",\n      \"Resource\" : \"arn:aws:lambda:eu-west-1:640218274645:function:compression_cool\",\n      \"Next\" : \"Success\"\n    },\n    \"NotCool\" : {\n      \"Type\" : \"Task\",\n      \"Resource\" : \"arn:aws:lambda:eu-west-1:640218274645:function:compression_not_cool\",\n      \"End\" : true\n    },\n    \"Success\": {\n      \"Type\": \"Succeed\"\n    }\n  }\n}\n\n",
                            "template": "{\n  \"Comment\" : \"Demo Step Function\",\n  \"StartAt\" : \"AgeCheck\",\n  \"States\" : {\n    \"AgeCheck\" : {\n      \"Type\" : \"Task\",\n      \"Resource\" : \"${age_check_arn}\",\n      \"Next\" : \"CheckHairColour\",\n      \"Catch\": [\n        {\n          \"ErrorEquals\": [\"ErrInvalidAge\"],\n          \"Next\": \"UnderAge\"\n        }\n      ]\n    },\n    \"CheckHairColour\" : {\n      \"Type\" : \"Task\",\n      \"Resource\" : \"${check_hair_colour_arn}\",\n      \"Next\" : \"HasGingerFriends\",\n      \"Catch\": [\n        {\n          \"ErrorEquals\": [\"ErrHairColour\"],\n          \"Next\": \"NotCool\"\n        }\n      ]\n    },\n    \"HasGingerFriends\" : {\n      \"Type\" : \"Task\",\n      \"Resource\" : \"${has_ginger_friends}\",\n      \"Next\" : \"Cool\",\n      \"Catch\": [\n        {\n          \"ErrorEquals\": [\"ErrNoGingerFriends\"],\n          \"Next\": \"NotCool\"\n        }\n      ]\n    },\n    \"UnderAge\" : {\n      \"Type\" : \"Task\",\n      \"Resource\" : \"${under_age_arn}\",\n      \"End\" : true\n    },\n    \"Cool\" : {\n      \"Type\" : \"Task\",\n      \"Resource\" : \"${cool_arn}\",\n      \"Next\" : \"Success\"\n    },\n    \"NotCool\" : {\n      \"Type\" : \"Task\",\n      \"Resource\" : \"${not_cool_arn}\",\n      \"End\" : true\n    },\n    \"Success\": {\n      \"Type\": \"Succeed\"\n    }\n  }\n}\n\n",
                            "vars.%": "6",
                            "vars.age_check_arn": "arn:aws:lambda:eu-west-1:640218274645:function:compression_age_check",
                            "vars.check_hair_colour_arn": "arn:aws:lambda:eu-west-1:640218274645:function:compression_check_hair_colour",
                            "vars.cool_arn": "arn:aws:lambda:eu-west-1:640218274645:function:compression_cool",
                            "vars.has_ginger_friends": "arn:aws:lambda:eu-west-1:640218274645:function:compression_has_ginger_friends",
                            "vars.not_cool_arn": "arn:aws:lambda:eu-west-1:640218274645:function:compression_not_cool",
                            "vars.under_age_arn": "arn:aws:lambda:eu-west-1:640218274645:function:compression_under_age"
                        },
                        "meta": {},
                        "tainted": false
                    },
                    "deposed": [],
                    "provider": "provider.template"
                }
            },
            "depends_on": []
        }
    ]
}
