{
    "version": 3,
    "terraform_version": "0.11.2",
    "serial": 23,
    "lineage": "6d87683d-2b4d-4138-98e7-88fb7d9edaf0",
    "modules": [
        {
            "path": [
                "root"
            ],
            "outputs": {},
            "resources": {
                "aws_iam_role.demo_step_function": {
                    "type": "aws_iam_role",
                    "depends_on": [],
                    "primary": {
                        "id": "demo_step_function_role",
                        "attributes": {
                            "arn": "arn:aws:iam::640218274645:role/demo_step_function_role",
                            "assume_role_policy": "{\"Version\":\"2012-10-17\",\"Statement\":[{\"Effect\":\"Allow\",\"Principal\":{\"Service\":\"states.eu-west-1.amazonaws.com\"},\"Action\":\"sts:AssumeRole\"}]}",
                            "create_date": "2018-01-27T20:33:16Z",
                            "force_detach_policies": "false",
                            "id": "demo_step_function_role",
                            "name": "demo_step_function_role",
                            "path": "/",
                            "unique_id": "AROAJVHNI4D2A4XLBGJQ2"
                        },
                        "meta": {},
                        "tainted": false
                    },
                    "deposed": [],
                    "provider": "provider.aws"
                },
                "aws_iam_role.lambda_role": {
                    "type": "aws_iam_role",
                    "depends_on": [],
                    "primary": {
                        "id": "lambda_role",
                        "attributes": {
                            "arn": "arn:aws:iam::640218274645:role/lambda_role",
                            "assume_role_policy": "{\"Version\":\"2012-10-17\",\"Statement\":[{\"Effect\":\"Allow\",\"Principal\":{\"Service\":\"lambda.amazonaws.com\"},\"Action\":\"sts:AssumeRole\"}]}",
                            "create_date": "2018-01-27T18:57:47Z",
                            "force_detach_policies": "false",
                            "id": "lambda_role",
                            "name": "lambda_role",
                            "path": "/",
                            "unique_id": "AROAIFALWKHEU4KZBU5B6"
                        },
                        "meta": {},
                        "tainted": false
                    },
                    "deposed": [],
                    "provider": "provider.aws"
                },
                "aws_iam_role_policy.demo_step_function": {
                    "type": "aws_iam_role_policy",
                    "depends_on": [
                        "aws_iam_role.demo_step_function",
                        "data.aws_iam_policy_document.allow_invoke_lambda"
                    ],
                    "primary": {
                        "id": "demo_step_function_role:demo_step_function_policy",
                        "attributes": {
                            "id": "demo_step_function_role:demo_step_function_policy",
                            "name": "demo_step_function_policy",
                            "policy": "{\n  \"Version\": \"2012-10-17\",\n  \"Statement\": [\n    {\n      \"Sid\": \"\",\n      \"Effect\": \"Allow\",\n      \"Action\": \"lambda:InvokeFunction\",\n      \"Resource\": [\n        \"arn:aws:lambda:eu-west-1:640218274645:function:under_age\",\n        \"arn:aws:lambda:eu-west-1:640218274645:function:not_cool\",\n        \"arn:aws:lambda:eu-west-1:640218274645:function:has_ginger_friends\",\n        \"arn:aws:lambda:eu-west-1:640218274645:function:cool\",\n        \"arn:aws:lambda:eu-west-1:640218274645:function:check_hair_colour\",\n        \"arn:aws:lambda:eu-west-1:640218274645:function:age_check\"\n      ]\n    }\n  ]\n}",
                            "role": "demo_step_function_role"
                        },
                        "meta": {},
                        "tainted": false
                    },
                    "deposed": [],
                    "provider": "provider.aws"
                },
                "aws_iam_role_policy.lambda_policy": {
                    "type": "aws_iam_role_policy",
                    "depends_on": [
                        "aws_iam_role.lambda_role"
                    ],
                    "primary": {
                        "id": "lambda_role:lambda_policy",
                        "attributes": {
                            "id": "lambda_role:lambda_policy",
                            "name": "lambda_policy",
                            "policy": "{\n  \"Version\": \"2012-10-17\",\n  \"Statement\": [\n    {\n      \"Action\": [\n        \"ec2:Describe*\",\n        \"ec2:CreateNetworkInterface\",\n        \"ec2:DescribeNetworkInterfaces\",\n        \"ec2:DeleteNetworkInterface\",\n        \"logs:CreateLogGroup\",\n        \"logs:CreateLogStream\",\n        \"logs:PutLogEvents\",\n        \"states:StartExecution\",\n        \"states:DescribeExecution\"\n      ],\n      \"Effect\": \"Allow\",\n      \"Resource\": \"*\"\n    }\n  ]\n}\n",
                            "role": "lambda_role"
                        },
                        "meta": {},
                        "tainted": false
                    },
                    "deposed": [],
                    "provider": "provider.aws"
                },
                "aws_lambda_function.age_check": {
                    "type": "aws_lambda_function",
                    "depends_on": [
                        "aws_iam_role.lambda_role"
                    ],
                    "primary": {
                        "id": "age_check",
                        "attributes": {
                            "arn": "arn:aws:lambda:eu-west-1:640218274645:function:age_check",
                            "dead_letter_config.#": "0",
                            "description": "",
                            "environment.#": "0",
                            "filename": "../artifacts/age_check.zip",
                            "function_name": "age_check",
                            "handler": "age_check",
                            "id": "age_check",
                            "invoke_arn": "arn:aws:apigateway:eu-west-1:lambda:path/2015-03-31/functions/arn:aws:lambda:eu-west-1:640218274645:function:age_check/invocations",
                            "kms_key_arn": "",
                            "last_modified": "2018-01-28T03:56:04.081+0000",
                            "memory_size": "128",
                            "publish": "false",
                            "qualified_arn": "arn:aws:lambda:eu-west-1:640218274645:function:age_check:$LATEST",
                            "reserved_concurrent_executions": "0",
                            "role": "arn:aws:iam::640218274645:role/lambda_role",
                            "runtime": "go1.x",
                            "source_code_hash": "UBzmTd5w6bhx26frqpugesDXL456e37aTsgczvW18o8=",
                            "tags.%": "0",
                            "timeout": "3",
                            "tracing_config.#": "1",
                            "tracing_config.0.mode": "PassThrough",
                            "version": "$LATEST",
                            "vpc_config.#": "0"
                        },
                        "meta": {},
                        "tainted": false
                    },
                    "deposed": [],
                    "provider": "provider.aws"
                },
                "aws_lambda_function.check_hair_colour": {
                    "type": "aws_lambda_function",
                    "depends_on": [
                        "aws_iam_role.lambda_role"
                    ],
                    "primary": {
                        "id": "check_hair_colour",
                        "attributes": {
                            "arn": "arn:aws:lambda:eu-west-1:640218274645:function:check_hair_colour",
                            "dead_letter_config.#": "0",
                            "description": "",
                            "environment.#": "0",
                            "filename": "../artifacts/check_hair_colour.zip",
                            "function_name": "check_hair_colour",
                            "handler": "check_hair_colour",
                            "id": "check_hair_colour",
                            "invoke_arn": "arn:aws:apigateway:eu-west-1:lambda:path/2015-03-31/functions/arn:aws:lambda:eu-west-1:640218274645:function:check_hair_colour/invocations",
                            "kms_key_arn": "",
                            "last_modified": "2018-01-28T03:56:09.650+0000",
                            "memory_size": "128",
                            "publish": "false",
                            "qualified_arn": "arn:aws:lambda:eu-west-1:640218274645:function:check_hair_colour:$LATEST",
                            "reserved_concurrent_executions": "0",
                            "role": "arn:aws:iam::640218274645:role/lambda_role",
                            "runtime": "go1.x",
                            "source_code_hash": "d3q3d+CXEKJiu75oRr4/vQD00e/V42qU7FPQQzE5vXw=",
                            "tags.%": "0",
                            "timeout": "3",
                            "tracing_config.#": "1",
                            "tracing_config.0.mode": "PassThrough",
                            "version": "$LATEST",
                            "vpc_config.#": "0"
                        },
                        "meta": {},
                        "tainted": false
                    },
                    "deposed": [],
                    "provider": "provider.aws"
                },
                "aws_lambda_function.cool": {
                    "type": "aws_lambda_function",
                    "depends_on": [
                        "aws_iam_role.lambda_role"
                    ],
                    "primary": {
                        "id": "cool",
                        "attributes": {
                            "arn": "arn:aws:lambda:eu-west-1:640218274645:function:cool",
                            "dead_letter_config.#": "0",
                            "description": "",
                            "environment.#": "0",
                            "filename": "../artifacts/cool.zip",
                            "function_name": "cool",
                            "handler": "cool",
                            "id": "cool",
                            "invoke_arn": "arn:aws:apigateway:eu-west-1:lambda:path/2015-03-31/functions/arn:aws:lambda:eu-west-1:640218274645:function:cool/invocations",
                            "kms_key_arn": "",
                            "last_modified": "2018-01-28T03:55:42.011+0000",
                            "memory_size": "128",
                            "publish": "false",
                            "qualified_arn": "arn:aws:lambda:eu-west-1:640218274645:function:cool:$LATEST",
                            "reserved_concurrent_executions": "0",
                            "role": "arn:aws:iam::640218274645:role/lambda_role",
                            "runtime": "go1.x",
                            "source_code_hash": "rshlcYEyyuUHWMxies/QbryJgrFLm9SOi0NZjdjvilI=",
                            "tags.%": "0",
                            "timeout": "3",
                            "tracing_config.#": "1",
                            "tracing_config.0.mode": "PassThrough",
                            "version": "$LATEST",
                            "vpc_config.#": "0"
                        },
                        "meta": {},
                        "tainted": false
                    },
                    "deposed": [],
                    "provider": "provider.aws"
                },
                "aws_lambda_function.has_ginger_friends": {
                    "type": "aws_lambda_function",
                    "depends_on": [
                        "aws_iam_role.lambda_role"
                    ],
                    "primary": {
                        "id": "has_ginger_friends",
                        "attributes": {
                            "arn": "arn:aws:lambda:eu-west-1:640218274645:function:has_ginger_friends",
                            "dead_letter_config.#": "0",
                            "description": "",
                            "environment.#": "0",
                            "filename": "../artifacts/has_ginger_friends.zip",
                            "function_name": "has_ginger_friends",
                            "handler": "has_ginger_friends",
                            "id": "has_ginger_friends",
                            "invoke_arn": "arn:aws:apigateway:eu-west-1:lambda:path/2015-03-31/functions/arn:aws:lambda:eu-west-1:640218274645:function:has_ginger_friends/invocations",
                            "kms_key_arn": "",
                            "last_modified": "2018-01-28T03:55:58.565+0000",
                            "memory_size": "128",
                            "publish": "false",
                            "qualified_arn": "arn:aws:lambda:eu-west-1:640218274645:function:has_ginger_friends:$LATEST",
                            "reserved_concurrent_executions": "0",
                            "role": "arn:aws:iam::640218274645:role/lambda_role",
                            "runtime": "go1.x",
                            "source_code_hash": "iy47C/4jNxUuKunaEz9Yg5k741pQuDX/4zHT4VYgLqw=",
                            "tags.%": "0",
                            "timeout": "3",
                            "tracing_config.#": "1",
                            "tracing_config.0.mode": "PassThrough",
                            "version": "$LATEST",
                            "vpc_config.#": "0"
                        },
                        "meta": {},
                        "tainted": false
                    },
                    "deposed": [],
                    "provider": "provider.aws"
                },
                "aws_lambda_function.invoker": {
                    "type": "aws_lambda_function",
                    "depends_on": [
                        "aws_iam_role.lambda_role",
                        "aws_sfn_state_machine.demo_step_function"
                    ],
                    "primary": {
                        "id": "invoker",
                        "attributes": {
                            "arn": "arn:aws:lambda:eu-west-1:640218274645:function:invoker",
                            "dead_letter_config.#": "0",
                            "description": "",
                            "environment.#": "1",
                            "environment.0.variables.%": "1",
                            "environment.0.variables.STEP_FN_ARN": "arn:aws:states:eu-west-1:640218274645:stateMachine:demo_demo_step_function",
                            "filename": "../artifacts/invoker.zip",
                            "function_name": "invoker",
                            "handler": "invoker",
                            "id": "invoker",
                            "invoke_arn": "arn:aws:apigateway:eu-west-1:lambda:path/2015-03-31/functions/arn:aws:lambda:eu-west-1:640218274645:function:invoker/invocations",
                            "kms_key_arn": "",
                            "last_modified": "2018-01-28T03:56:16.125+0000",
                            "memory_size": "128",
                            "publish": "false",
                            "qualified_arn": "arn:aws:lambda:eu-west-1:640218274645:function:invoker:$LATEST",
                            "reserved_concurrent_executions": "0",
                            "role": "arn:aws:iam::640218274645:role/lambda_role",
                            "runtime": "go1.x",
                            "source_code_hash": "4aX48uVTPPd6Mt683wh4hNsNhmLTGUTxJ+xeF4LQ4WE=",
                            "tags.%": "0",
                            "timeout": "3",
                            "tracing_config.#": "1",
                            "tracing_config.0.mode": "PassThrough",
                            "version": "$LATEST",
                            "vpc_config.#": "0"
                        },
                        "meta": {},
                        "tainted": false
                    },
                    "deposed": [],
                    "provider": "provider.aws"
                },
                "aws_lambda_function.not_cool": {
                    "type": "aws_lambda_function",
                    "depends_on": [
                        "aws_iam_role.lambda_role"
                    ],
                    "primary": {
                        "id": "not_cool",
                        "attributes": {
                            "arn": "arn:aws:lambda:eu-west-1:640218274645:function:not_cool",
                            "dead_letter_config.#": "0",
                            "description": "",
                            "environment.#": "0",
                            "filename": "../artifacts/not_cool.zip",
                            "function_name": "not_cool",
                            "handler": "not_cool",
                            "id": "not_cool",
                            "invoke_arn": "arn:aws:apigateway:eu-west-1:lambda:path/2015-03-31/functions/arn:aws:lambda:eu-west-1:640218274645:function:not_cool/invocations",
                            "kms_key_arn": "",
                            "last_modified": "2018-01-28T03:55:47.735+0000",
                            "memory_size": "128",
                            "publish": "false",
                            "qualified_arn": "arn:aws:lambda:eu-west-1:640218274645:function:not_cool:$LATEST",
                            "reserved_concurrent_executions": "0",
                            "role": "arn:aws:iam::640218274645:role/lambda_role",
                            "runtime": "go1.x",
                            "source_code_hash": "KWJd8SXNyzEP7ZuOpcoUYQYgvDsoKkJkJjAS7o87UhU=",
                            "tags.%": "0",
                            "timeout": "3",
                            "tracing_config.#": "1",
                            "tracing_config.0.mode": "PassThrough",
                            "version": "$LATEST",
                            "vpc_config.#": "0"
                        },
                        "meta": {},
                        "tainted": false
                    },
                    "deposed": [],
                    "provider": "provider.aws"
                },
                "aws_lambda_function.under_age": {
                    "type": "aws_lambda_function",
                    "depends_on": [
                        "aws_iam_role.lambda_role"
                    ],
                    "primary": {
                        "id": "under_age",
                        "attributes": {
                            "arn": "arn:aws:lambda:eu-west-1:640218274645:function:under_age",
                            "dead_letter_config.#": "0",
                            "description": "",
                            "environment.#": "0",
                            "filename": "../artifacts/under_age.zip",
                            "function_name": "under_age",
                            "handler": "under_age",
                            "id": "under_age",
                            "invoke_arn": "arn:aws:apigateway:eu-west-1:lambda:path/2015-03-31/functions/arn:aws:lambda:eu-west-1:640218274645:function:under_age/invocations",
                            "kms_key_arn": "",
                            "last_modified": "2018-01-28T03:55:52.918+0000",
                            "memory_size": "128",
                            "publish": "false",
                            "qualified_arn": "arn:aws:lambda:eu-west-1:640218274645:function:under_age:$LATEST",
                            "reserved_concurrent_executions": "0",
                            "role": "arn:aws:iam::640218274645:role/lambda_role",
                            "runtime": "go1.x",
                            "source_code_hash": "gU0YLSc61UhVgTM++ksEgSy/JUfdRLRs4wWqufmlPa8=",
                            "tags.%": "0",
                            "timeout": "3",
                            "tracing_config.#": "1",
                            "tracing_config.0.mode": "PassThrough",
                            "version": "$LATEST",
                            "vpc_config.#": "0"
                        },
                        "meta": {},
                        "tainted": false
                    },
                    "deposed": [],
                    "provider": "provider.aws"
                },
                "aws_sfn_state_machine.demo_step_function": {
                    "type": "aws_sfn_state_machine",
                    "depends_on": [
                        "aws_iam_role.demo_step_function",
                        "data.template_file.demo_step_function_config"
                    ],
                    "primary": {
                        "id": "arn:aws:states:eu-west-1:640218274645:stateMachine:demo_demo_step_function",
                        "attributes": {
                            "creation_date": "2018-01-27T20:42:02Z",
                            "definition": "{\n  \"Comment\" : \"Demo Step Function\",\n  \"StartAt\" : \"AgeCheck\",\n  \"States\" : {\n    \"AgeCheck\" : {\n      \"Type\" : \"Task\",\n      \"Resource\" : \"arn:aws:lambda:eu-west-1:640218274645:function:age_check\",\n      \"Next\" : \"CheckHairColour\",\n      \"Catch\": [\n        {\n          \"ErrorEquals\": [\"ErrInvalidAge\"],\n          \"Next\": \"UnderAge\"\n        }\n      ]\n    },\n    \"CheckHairColour\" : {\n      \"Type\" : \"Task\",\n      \"Resource\" : \"arn:aws:lambda:eu-west-1:640218274645:function:check_hair_colour\",\n      \"Next\" : \"HasGingerFriends\",\n      \"Catch\": [\n        {\n          \"ErrorEquals\": [\"ErrHairColour\"],\n          \"Next\": \"NotCool\"\n        }\n      ]\n    },\n    \"HasGingerFriends\" : {\n      \"Type\" : \"Task\",\n      \"Resource\" : \"arn:aws:lambda:eu-west-1:640218274645:function:has_ginger_friends\",\n      \"Next\" : \"Cool\",\n      \"Catch\": [\n        {\n          \"ErrorEquals\": [\"ErrNoGingerFriends\"],\n          \"Next\": \"NotCool\"\n        }\n      ]\n    },\n    \"UnderAge\" : {\n      \"Type\" : \"Task\",\n      \"Resource\" : \"arn:aws:lambda:eu-west-1:640218274645:function:under_age\",\n      \"End\" : true\n    },\n    \"Cool\" : {\n      \"Type\" : \"Task\",\n      \"Resource\" : \"arn:aws:lambda:eu-west-1:640218274645:function:cool\",\n      \"Next\" : \"Success\"\n    },\n    \"NotCool\" : {\n      \"Type\" : \"Task\",\n      \"Resource\" : \"arn:aws:lambda:eu-west-1:640218274645:function:not_cool\",\n      \"End\" : true\n    },\n    \"Success\": {\n      \"Type\": \"Succeed\"\n    }\n  }\n}\n\n",
                            "id": "arn:aws:states:eu-west-1:640218274645:stateMachine:demo_demo_step_function",
                            "name": "demo_demo_step_function",
                            "role_arn": "arn:aws:iam::640218274645:role/demo_step_function_role",
                            "status": "ACTIVE"
                        },
                        "meta": {},
                        "tainted": false
                    },
                    "deposed": [],
                    "provider": "provider.aws"
                },
                "data.aws_iam_policy_document.allow_invoke_lambda": {
                    "type": "aws_iam_policy_document",
                    "depends_on": [
                        "aws_lambda_function.age_check",
                        "aws_lambda_function.check_hair_colour",
                        "aws_lambda_function.cool",
                        "aws_lambda_function.has_ginger_friends",
                        "aws_lambda_function.not_cool",
                        "aws_lambda_function.under_age"
                    ],
                    "primary": {
                        "id": "4199898224",
                        "attributes": {
                            "id": "4199898224",
                            "json": "{\n  \"Version\": \"2012-10-17\",\n  \"Statement\": [\n    {\n      \"Sid\": \"\",\n      \"Effect\": \"Allow\",\n      \"Action\": \"lambda:InvokeFunction\",\n      \"Resource\": [\n        \"arn:aws:lambda:eu-west-1:640218274645:function:under_age\",\n        \"arn:aws:lambda:eu-west-1:640218274645:function:not_cool\",\n        \"arn:aws:lambda:eu-west-1:640218274645:function:has_ginger_friends\",\n        \"arn:aws:lambda:eu-west-1:640218274645:function:cool\",\n        \"arn:aws:lambda:eu-west-1:640218274645:function:check_hair_colour\",\n        \"arn:aws:lambda:eu-west-1:640218274645:function:age_check\"\n      ]\n    }\n  ]\n}",
                            "statement.#": "1",
                            "statement.0.actions.#": "1",
                            "statement.0.actions.3363766922": "lambda:InvokeFunction",
                            "statement.0.condition.#": "0",
                            "statement.0.effect": "Allow",
                            "statement.0.not_actions.#": "0",
                            "statement.0.not_principals.#": "0",
                            "statement.0.not_resources.#": "0",
                            "statement.0.principals.#": "0",
                            "statement.0.resources.#": "6",
                            "statement.0.resources.1339121517": "arn:aws:lambda:eu-west-1:640218274645:function:has_ginger_friends",
                            "statement.0.resources.2166814262": "arn:aws:lambda:eu-west-1:640218274645:function:not_cool",
                            "statement.0.resources.257862306": "arn:aws:lambda:eu-west-1:640218274645:function:check_hair_colour",
                            "statement.0.resources.2647552422": "arn:aws:lambda:eu-west-1:640218274645:function:cool",
                            "statement.0.resources.3048640797": "arn:aws:lambda:eu-west-1:640218274645:function:under_age",
                            "statement.0.resources.982146043": "arn:aws:lambda:eu-west-1:640218274645:function:age_check",
                            "statement.0.sid": ""
                        },
                        "meta": {},
                        "tainted": false
                    },
                    "deposed": [],
                    "provider": "provider.aws"
                },
                "data.template_file.demo_step_function_config": {
                    "type": "template_file",
                    "depends_on": [
                        "aws_lambda_function.age_check",
                        "aws_lambda_function.check_hair_colour",
                        "aws_lambda_function.cool",
                        "aws_lambda_function.has_ginger_friends",
                        "aws_lambda_function.not_cool",
                        "aws_lambda_function.under_age"
                    ],
                    "primary": {
                        "id": "1549c7796440038676fa22a07328892616d5b2bb824c4aaa884d3b09ac250998",
                        "attributes": {
                            "id": "1549c7796440038676fa22a07328892616d5b2bb824c4aaa884d3b09ac250998",
                            "rendered": "{\n  \"Comment\" : \"Demo Step Function\",\n  \"StartAt\" : \"AgeCheck\",\n  \"States\" : {\n    \"AgeCheck\" : {\n      \"Type\" : \"Task\",\n      \"Resource\" : \"arn:aws:lambda:eu-west-1:640218274645:function:age_check\",\n      \"Next\" : \"CheckHairColour\",\n      \"Catch\": [\n        {\n          \"ErrorEquals\": [\"ErrInvalidAge\"],\n          \"Next\": \"UnderAge\"\n        }\n      ]\n    },\n    \"CheckHairColour\" : {\n      \"Type\" : \"Task\",\n      \"Resource\" : \"arn:aws:lambda:eu-west-1:640218274645:function:check_hair_colour\",\n      \"Next\" : \"HasGingerFriends\",\n      \"Catch\": [\n        {\n          \"ErrorEquals\": [\"ErrHairColour\"],\n          \"Next\": \"NotCool\"\n        }\n      ]\n    },\n    \"HasGingerFriends\" : {\n      \"Type\" : \"Task\",\n      \"Resource\" : \"arn:aws:lambda:eu-west-1:640218274645:function:has_ginger_friends\",\n      \"Next\" : \"Cool\",\n      \"Catch\": [\n        {\n          \"ErrorEquals\": [\"ErrNoGingerFriends\"],\n          \"Next\": \"NotCool\"\n        }\n      ]\n    },\n    \"UnderAge\" : {\n      \"Type\" : \"Task\",\n      \"Resource\" : \"arn:aws:lambda:eu-west-1:640218274645:function:under_age\",\n      \"End\" : true\n    },\n    \"Cool\" : {\n      \"Type\" : \"Task\",\n      \"Resource\" : \"arn:aws:lambda:eu-west-1:640218274645:function:cool\",\n      \"Next\" : \"Success\"\n    },\n    \"NotCool\" : {\n      \"Type\" : \"Task\",\n      \"Resource\" : \"arn:aws:lambda:eu-west-1:640218274645:function:not_cool\",\n      \"End\" : true\n    },\n    \"Success\": {\n      \"Type\": \"Succeed\"\n    }\n  }\n}\n\n",
                            "template": "{\n  \"Comment\" : \"Demo Step Function\",\n  \"StartAt\" : \"AgeCheck\",\n  \"States\" : {\n    \"AgeCheck\" : {\n      \"Type\" : \"Task\",\n      \"Resource\" : \"${age_check_arn}\",\n      \"Next\" : \"CheckHairColour\",\n      \"Catch\": [\n        {\n          \"ErrorEquals\": [\"ErrInvalidAge\"],\n          \"Next\": \"UnderAge\"\n        }\n      ]\n    },\n    \"CheckHairColour\" : {\n      \"Type\" : \"Task\",\n      \"Resource\" : \"${check_hair_colour_arn}\",\n      \"Next\" : \"HasGingerFriends\",\n      \"Catch\": [\n        {\n          \"ErrorEquals\": [\"ErrHairColour\"],\n          \"Next\": \"NotCool\"\n        }\n      ]\n    },\n    \"HasGingerFriends\" : {\n      \"Type\" : \"Task\",\n      \"Resource\" : \"${has_ginger_friends}\",\n      \"Next\" : \"Cool\",\n      \"Catch\": [\n        {\n          \"ErrorEquals\": [\"ErrNoGingerFriends\"],\n          \"Next\": \"NotCool\"\n        }\n      ]\n    },\n    \"UnderAge\" : {\n      \"Type\" : \"Task\",\n      \"Resource\" : \"${under_age_arn}\",\n      \"End\" : true\n    },\n    \"Cool\" : {\n      \"Type\" : \"Task\",\n      \"Resource\" : \"${cool_arn}\",\n      \"Next\" : \"Success\"\n    },\n    \"NotCool\" : {\n      \"Type\" : \"Task\",\n      \"Resource\" : \"${not_cool_arn}\",\n      \"End\" : true\n    },\n    \"Success\": {\n      \"Type\": \"Succeed\"\n    }\n  }\n}\n\n",
                            "vars.%": "6",
                            "vars.age_check_arn": "arn:aws:lambda:eu-west-1:640218274645:function:age_check",
                            "vars.check_hair_colour_arn": "arn:aws:lambda:eu-west-1:640218274645:function:check_hair_colour",
                            "vars.cool_arn": "arn:aws:lambda:eu-west-1:640218274645:function:cool",
                            "vars.has_ginger_friends": "arn:aws:lambda:eu-west-1:640218274645:function:has_ginger_friends",
                            "vars.not_cool_arn": "arn:aws:lambda:eu-west-1:640218274645:function:not_cool",
                            "vars.under_age_arn": "arn:aws:lambda:eu-west-1:640218274645:function:under_age"
                        },
                        "meta": {},
                        "tainted": false
                    },
                    "deposed": [],
                    "provider": "provider.template"
                }
            },
            "depends_on": []
        }
    ]
}
